
Microsoft Visual Studio Solution File, Format Version 12.00
# Visual Studio Version 17
VisualStudioVersion = 17.10.35027.167
MinimumVisualStudioVersion = 10.0.40219.1
Project("{FAE04EC0-301F-11D3-BF4B-00C04F79EFBC}") = "Lab0_WorkingWithVariablesAndBranches", "Lab0_WorkingWithVariablesAndBranches\Lab0_WorkingWithVariablesAndBranches.csproj", "{560AA6C5-BFD1-4E1D-BECA-20130BC843A1}"
EndProject
Project("{FAE04EC0-301F-11D3-BF4B-00C04F79EFBC}") = "Lab1_WorkingWithLoops", "Lab1_WorkingWithLoops\Lab1_WorkingWithLoops.csproj", "{2DEBDF17-8213-4AA2-ABAD-DBEB9D44707A}"
EndProject
Project("{9A19103F-16F7-4668-BE54-9A1E7A4F7556}") = "SolvingQuadraticEquations", "Lab2\Lab2_SolvingQuadraticEquations\SolvingQuadraticEquations.csproj", "{2CA109EE-AA48-45D1-8A99-031C601EBEA6}"
EndProject
Project("{2150E333-8FDC-42A3-9474-1A3956D46DE8}") = "Lab2", "Lab2", "{238C4FA8-12F4-425A-8AA1-B110D1102C26}"
EndProject
Project("{9A19103F-16F7-4668-BE54-9A1E7A4F7556}") = "SolvingQuadraticEquations.Ui", "Lab2\SolvingQuadraticEquations.Ui\SolvingQuadraticEquations.Ui.csproj", "{B965B5DE-0255-4BA4-86C2-8061D00CD4B1}"
EndProject
Project("{9A19103F-16F7-4668-BE54-9A1E7A4F7556}") = "ModelingOperationOfSpeedControlPoint", "Lab4_ModelingOperationOfSpeedControlPoint\ModelingOperationOfSpeedControlPoint.csproj", "{419A1329-E47B-4692-AFD4-B297A9BF9CDD}"
EndProject
Project("{2150E333-8FDC-42A3-9474-1A3956D46DE8}") = "Lab4", "Lab4", "{98EF1410-B621-4145-A0A3-41B1383255C7}"
EndProject
Project("{9A19103F-16F7-4668-BE54-9A1E7A4F7556}") = "ModelingOperationOfSpeedControlPoint.Ui", "ModelingOperationOfSpeedControlPoint.Ui\ModelingOperationOfSpeedControlPoint.Ui.csproj", "{886330AB-530D-4030-A93D-690205E6354E}"
EndProject
Project("{2150E333-8FDC-42A3-9474-1A3956D46DE8}") = "TDD", "TDD", "{7A1A155F-C980-48A9-A207-1DDC217AC38D}"
EndProject
Project("{9A19103F-16F7-4668-BE54-9A1E7A4F7556}") = "Domain", "Domain\Domain.csproj", "{1285406B-2C64-47CA-B659-5360514C7BE2}"
EndProject
Project("{9A19103F-16F7-4668-BE54-9A1E7A4F7556}") = "ConsoleApplication", "ConsoleApplication\ConsoleApplication.csproj", "{B9530AB4-9255-470C-A69B-A8D1F9248567}"
EndProject
Project("{9A19103F-16F7-4668-BE54-9A1E7A4F7556}") = "BusinessLogic", "BusinessLogic\BusinessLogic.csproj", "{EBA3DEBC-6DE1-467F-B62F-A1E16F529FAA}"
EndProject
Project("{9A19103F-16F7-4668-BE54-9A1E7A4F7556}") = "BusinessLogic.Tests", "Tests\BusinessLogic.Tests.csproj", "{63A186D4-78ED-4D4A-9A19-122C0EEDD42A}"
EndProject
Project("{2150E333-8FDC-42A3-9474-1A3956D46DE8}") = "Lab9", "Lab9", "{260BD5F9-0822-4F70-82E7-BAB05F574290}"
EndProject
Project("{9A19103F-16F7-4668-BE54-9A1E7A4F7556}") = "MyExtensions", "MyExtensions\MyExtensions.csproj", "{9F1B13C2-3011-40CE-BCEB-94E3B7266561}"
EndProject
Project("{9A19103F-16F7-4668-BE54-9A1E7A4F7556}") = "MyExtensions.Tests", "MyExtensions.Tests\MyExtensions.Tests.csproj", "{A8197062-E657-4264-BB0A-7FB0273440B7}"
EndProject
Project("{2150E333-8FDC-42A3-9474-1A3956D46DE8}") = "Lab5", "Lab5", "{32DF09E7-8A34-41E7-B0DC-E756DE27775C}"
EndProject
Project("{9A19103F-16F7-4668-BE54-9A1E7A4F7556}") = "CoffeeMachine.Tests", "CoffeeMachine.Tests\CoffeeMachine.Tests.csproj", "{66A014D6-18E9-4022-96ED-8593281D0EB6}"
EndProject
Project("{9A19103F-16F7-4668-BE54-9A1E7A4F7556}") = "CoffeeMachine", "CoffeeMachine\CoffeeMachine.csproj", "{06EA0A8C-AD25-4FBF-B441-54869DB55F95}"
EndProject
Project("{2150E333-8FDC-42A3-9474-1A3956D46DE8}") = "Lab10", "Lab10", "{72C63D58-6B93-46CB-90F6-3DC6A3B33109}"
EndProject
Project("{9A19103F-16F7-4668-BE54-9A1E7A4F7556}") = "MyUnit", "Lab10\MyUnit\MyUnit.csproj", "{10FDA5DB-789B-4C49-AB01-62F778B77A4C}"
EndProject
Project("{9A19103F-16F7-4668-BE54-9A1E7A4F7556}") = "SystemArithmetic.Tests", "Lab10\SystemArithmetic.Tests\SystemArithmetic.Tests.csproj", "{88B001F6-2E32-472A-8BAB-CB7D36FB89EE}"
EndProject
Project("{FAE04EC0-301F-11D3-BF4B-00C04F79EFBC}") = "MyUnitEntryPoint", "Lab10\MyUnitEntryPoint\MyUnitEntryPoint.csproj", "{F01F40F8-0FDE-45C2-BBB3-5F4B24AA98A0}"
EndProject
Global
	GlobalSection(SolutionConfigurationPlatforms) = preSolution
		Debug|Any CPU = Debug|Any CPU
		Release|Any CPU = Release|Any CPU
	EndGlobalSection
	GlobalSection(ProjectConfigurationPlatforms) = postSolution
		{560AA6C5-BFD1-4E1D-BECA-20130BC843A1}.Debug|Any CPU.ActiveCfg = Debug|Any CPU
		{560AA6C5-BFD1-4E1D-BECA-20130BC843A1}.Debug|Any CPU.Build.0 = Debug|Any CPU
		{560AA6C5-BFD1-4E1D-BECA-20130BC843A1}.Release|Any CPU.ActiveCfg = Release|Any CPU
		{560AA6C5-BFD1-4E1D-BECA-20130BC843A1}.Release|Any CPU.Build.0 = Release|Any CPU
		{2DEBDF17-8213-4AA2-ABAD-DBEB9D44707A}.Debug|Any CPU.ActiveCfg = Debug|Any CPU
		{2DEBDF17-8213-4AA2-ABAD-DBEB9D44707A}.Debug|Any CPU.Build.0 = Debug|Any CPU
		{2DEBDF17-8213-4AA2-ABAD-DBEB9D44707A}.Release|Any CPU.ActiveCfg = Release|Any CPU
		{2DEBDF17-8213-4AA2-ABAD-DBEB9D44707A}.Release|Any CPU.Build.0 = Release|Any CPU
		{2CA109EE-AA48-45D1-8A99-031C601EBEA6}.Debug|Any CPU.ActiveCfg = Debug|Any CPU
		{2CA109EE-AA48-45D1-8A99-031C601EBEA6}.Debug|Any CPU.Build.0 = Debug|Any CPU
		{2CA109EE-AA48-45D1-8A99-031C601EBEA6}.Release|Any CPU.ActiveCfg = Release|Any CPU
		{2CA109EE-AA48-45D1-8A99-031C601EBEA6}.Release|Any CPU.Build.0 = Release|Any CPU
		{B965B5DE-0255-4BA4-86C2-8061D00CD4B1}.Debug|Any CPU.ActiveCfg = Debug|Any CPU
		{B965B5DE-0255-4BA4-86C2-8061D00CD4B1}.Debug|Any CPU.Build.0 = Debug|Any CPU
		{B965B5DE-0255-4BA4-86C2-8061D00CD4B1}.Release|Any CPU.ActiveCfg = Release|Any CPU
		{B965B5DE-0255-4BA4-86C2-8061D00CD4B1}.Release|Any CPU.Build.0 = Release|Any CPU
		{419A1329-E47B-4692-AFD4-B297A9BF9CDD}.Debug|Any CPU.ActiveCfg = Debug|Any CPU
		{419A1329-E47B-4692-AFD4-B297A9BF9CDD}.Debug|Any CPU.Build.0 = Debug|Any CPU
		{419A1329-E47B-4692-AFD4-B297A9BF9CDD}.Release|Any CPU.ActiveCfg = Release|Any CPU
		{419A1329-E47B-4692-AFD4-B297A9BF9CDD}.Release|Any CPU.Build.0 = Release|Any CPU
		{886330AB-530D-4030-A93D-690205E6354E}.Debug|Any CPU.ActiveCfg = Debug|Any CPU
		{886330AB-530D-4030-A93D-690205E6354E}.Debug|Any CPU.Build.0 = Debug|Any CPU
		{886330AB-530D-4030-A93D-690205E6354E}.Release|Any CPU.ActiveCfg = Release|Any CPU
		{886330AB-530D-4030-A93D-690205E6354E}.Release|Any CPU.Build.0 = Release|Any CPU
		{1285406B-2C64-47CA-B659-5360514C7BE2}.Debug|Any CPU.ActiveCfg = Debug|Any CPU
		{1285406B-2C64-47CA-B659-5360514C7BE2}.Debug|Any CPU.Build.0 = Debug|Any CPU
		{1285406B-2C64-47CA-B659-5360514C7BE2}.Release|Any CPU.ActiveCfg = Release|Any CPU
		{1285406B-2C64-47CA-B659-5360514C7BE2}.Release|Any CPU.Build.0 = Release|Any CPU
		{B9530AB4-9255-470C-A69B-A8D1F9248567}.Debug|Any CPU.ActiveCfg = Debug|Any CPU
		{B9530AB4-9255-470C-A69B-A8D1F9248567}.Debug|Any CPU.Build.0 = Debug|Any CPU
		{B9530AB4-9255-470C-A69B-A8D1F9248567}.Release|Any CPU.ActiveCfg = Release|Any CPU
		{B9530AB4-9255-470C-A69B-A8D1F9248567}.Release|Any CPU.Build.0 = Release|Any CPU
		{EBA3DEBC-6DE1-467F-B62F-A1E16F529FAA}.Debug|Any CPU.ActiveCfg = Debug|Any CPU
		{EBA3DEBC-6DE1-467F-B62F-A1E16F529FAA}.Debug|Any CPU.Build.0 = Debug|Any CPU
		{EBA3DEBC-6DE1-467F-B62F-A1E16F529FAA}.Release|Any CPU.ActiveCfg = Release|Any CPU
		{EBA3DEBC-6DE1-467F-B62F-A1E16F529FAA}.Release|Any CPU.Build.0 = Release|Any CPU
		{63A186D4-78ED-4D4A-9A19-122C0EEDD42A}.Debug|Any CPU.ActiveCfg = Debug|Any CPU
		{63A186D4-78ED-4D4A-9A19-122C0EEDD42A}.Debug|Any CPU.Build.0 = Debug|Any CPU
		{63A186D4-78ED-4D4A-9A19-122C0EEDD42A}.Release|Any CPU.ActiveCfg = Release|Any CPU
		{63A186D4-78ED-4D4A-9A19-122C0EEDD42A}.Release|Any CPU.Build.0 = Release|Any CPU
		{9F1B13C2-3011-40CE-BCEB-94E3B7266561}.Debug|Any CPU.ActiveCfg = Debug|Any CPU
		{9F1B13C2-3011-40CE-BCEB-94E3B7266561}.Debug|Any CPU.Build.0 = Debug|Any CPU
		{9F1B13C2-3011-40CE-BCEB-94E3B7266561}.Release|Any CPU.ActiveCfg = Release|Any CPU
		{9F1B13C2-3011-40CE-BCEB-94E3B7266561}.Release|Any CPU.Build.0 = Release|Any CPU
		{A8197062-E657-4264-BB0A-7FB0273440B7}.Debug|Any CPU.ActiveCfg = Debug|Any CPU
		{A8197062-E657-4264-BB0A-7FB0273440B7}.Debug|Any CPU.Build.0 = Debug|Any CPU
		{A8197062-E657-4264-BB0A-7FB0273440B7}.Release|Any CPU.ActiveCfg = Release|Any CPU
		{A8197062-E657-4264-BB0A-7FB0273440B7}.Release|Any CPU.Build.0 = Release|Any CPU
		{66A014D6-18E9-4022-96ED-8593281D0EB6}.Debug|Any CPU.ActiveCfg = Debug|Any CPU
		{66A014D6-18E9-4022-96ED-8593281D0EB6}.Debug|Any CPU.Build.0 = Debug|Any CPU
		{66A014D6-18E9-4022-96ED-8593281D0EB6}.Release|Any CPU.ActiveCfg = Release|Any CPU
		{66A014D6-18E9-4022-96ED-8593281D0EB6}.Release|Any CPU.Build.0 = Release|Any CPU
		{06EA0A8C-AD25-4FBF-B441-54869DB55F95}.Debug|Any CPU.ActiveCfg = Debug|Any CPU
		{06EA0A8C-AD25-4FBF-B441-54869DB55F95}.Debug|Any CPU.Build.0 = Debug|Any CPU
		{06EA0A8C-AD25-4FBF-B441-54869DB55F95}.Release|Any CPU.ActiveCfg = Release|Any CPU
		{06EA0A8C-AD25-4FBF-B441-54869DB55F95}.Release|Any CPU.Build.0 = Release|Any CPU
		{10FDA5DB-789B-4C49-AB01-62F778B77A4C}.Debug|Any CPU.ActiveCfg = Debug|Any CPU
		{10FDA5DB-789B-4C49-AB01-62F778B77A4C}.Debug|Any CPU.Build.0 = Debug|Any CPU
		{10FDA5DB-789B-4C49-AB01-62F778B77A4C}.Release|Any CPU.ActiveCfg = Release|Any CPU
		{10FDA5DB-789B-4C49-AB01-62F778B77A4C}.Release|Any CPU.Build.0 = Release|Any CPU
		{88B001F6-2E32-472A-8BAB-CB7D36FB89EE}.Debug|Any CPU.ActiveCfg = Debug|Any CPU
		{88B001F6-2E32-472A-8BAB-CB7D36FB89EE}.Debug|Any CPU.Build.0 = Debug|Any CPU
		{88B001F6-2E32-472A-8BAB-CB7D36FB89EE}.Release|Any CPU.ActiveCfg = Release|Any CPU
		{88B001F6-2E32-472A-8BAB-CB7D36FB89EE}.Release|Any CPU.Build.0 = Release|Any CPU
		{F01F40F8-0FDE-45C2-BBB3-5F4B24AA98A0}.Debug|Any CPU.ActiveCfg = Debug|Any CPU
		{F01F40F8-0FDE-45C2-BBB3-5F4B24AA98A0}.Debug|Any CPU.Build.0 = Debug|Any CPU
		{F01F40F8-0FDE-45C2-BBB3-5F4B24AA98A0}.Release|Any CPU.ActiveCfg = Release|Any CPU
		{F01F40F8-0FDE-45C2-BBB3-5F4B24AA98A0}.Release|Any CPU.Build.0 = Release|Any CPU
	EndGlobalSection
	GlobalSection(SolutionProperties) = preSolution
		HideSolutionNode = FALSE
	EndGlobalSection
	GlobalSection(NestedProjects) = preSolution
		{2CA109EE-AA48-45D1-8A99-031C601EBEA6} = {238C4FA8-12F4-425A-8AA1-B110D1102C26}
		{B965B5DE-0255-4BA4-86C2-8061D00CD4B1} = {238C4FA8-12F4-425A-8AA1-B110D1102C26}
		{419A1329-E47B-4692-AFD4-B297A9BF9CDD} = {98EF1410-B621-4145-A0A3-41B1383255C7}
		{886330AB-530D-4030-A93D-690205E6354E} = {98EF1410-B621-4145-A0A3-41B1383255C7}
		{1285406B-2C64-47CA-B659-5360514C7BE2} = {7A1A155F-C980-48A9-A207-1DDC217AC38D}
		{B9530AB4-9255-470C-A69B-A8D1F9248567} = {7A1A155F-C980-48A9-A207-1DDC217AC38D}
		{EBA3DEBC-6DE1-467F-B62F-A1E16F529FAA} = {7A1A155F-C980-48A9-A207-1DDC217AC38D}
		{63A186D4-78ED-4D4A-9A19-122C0EEDD42A} = {7A1A155F-C980-48A9-A207-1DDC217AC38D}
		{9F1B13C2-3011-40CE-BCEB-94E3B7266561} = {260BD5F9-0822-4F70-82E7-BAB05F574290}
		{A8197062-E657-4264-BB0A-7FB0273440B7} = {260BD5F9-0822-4F70-82E7-BAB05F574290}
		{66A014D6-18E9-4022-96ED-8593281D0EB6} = {32DF09E7-8A34-41E7-B0DC-E756DE27775C}
		{06EA0A8C-AD25-4FBF-B441-54869DB55F95} = {32DF09E7-8A34-41E7-B0DC-E756DE27775C}
		{10FDA5DB-789B-4C49-AB01-62F778B77A4C} = {72C63D58-6B93-46CB-90F6-3DC6A3B33109}
		{88B001F6-2E32-472A-8BAB-CB7D36FB89EE} = {72C63D58-6B93-46CB-90F6-3DC6A3B33109}
		{F01F40F8-0FDE-45C2-BBB3-5F4B24AA98A0} = {72C63D58-6B93-46CB-90F6-3DC6A3B33109}
	EndGlobalSection
	GlobalSection(ExtensibilityGlobals) = postSolution
		SolutionGuid = {5EA88D2D-7307-456B-A3AB-5D96F230C514}
	EndGlobalSection
EndGlobal
