
Microsoft Visual Studio Solution File, Format Version 12.00
# Visual Studio Version 17
VisualStudioVersion = 17.10.35027.167
MinimumVisualStudioVersion = 10.0.40219.1
Project("{FAE04EC0-301F-11D3-BF4B-00C04F79EFBC}") = "Lab0_WorkingWithVariablesAndBranches", "Lab0_WorkingWithVariablesAndBranches\Lab0_WorkingWithVariablesAndBranches.csproj", "{560AA6C5-BFD1-4E1D-BECA-20130BC843A1}"
EndProject
Project("{FAE04EC0-301F-11D3-BF4B-00C04F79EFBC}") = "Lab1_WorkingWithLoops", "Lab1_WorkingWithLoops\Lab1_WorkingWithLoops.csproj", "{2DEBDF17-8213-4AA2-ABAD-DBEB9D44707A}"
EndProject
Project("{9A19103F-16F7-4668-BE54-9A1E7A4F7556}") = "SolvingQuadraticEquations", "Lab2_SolvingQuadraticEquations\SolvingQuadraticEquations.csproj", "{2CA109EE-AA48-45D1-8A99-031C601EBEA6}"
EndProject
Project("{2150E333-8FDC-42A3-9474-1A3956D46DE8}") = "Lab2", "Lab2", "{238C4FA8-12F4-425A-8AA1-B110D1102C26}"
EndProject
Project("{FAE04EC0-301F-11D3-BF4B-00C04F79EFBC}") = "SolvingQuadraticEquations.Ui", "SolvingQuadraticEquations.Ui\SolvingQuadraticEquations.Ui.csproj", "{B965B5DE-0255-4BA4-86C2-8061D00CD4B1}"
EndProject
Global
	GlobalSection(SolutionConfigurationPlatforms) = preSolution
		Debug|Any CPU = Debug|Any CPU
		Release|Any CPU = Release|Any CPU
	EndGlobalSection
	GlobalSection(ProjectConfigurationPlatforms) = postSolution
		{560AA6C5-BFD1-4E1D-BECA-20130BC843A1}.Debug|Any CPU.ActiveCfg = Debug|Any CPU
		{560AA6C5-BFD1-4E1D-BECA-20130BC843A1}.Debug|Any CPU.Build.0 = Debug|Any CPU
		{560AA6C5-BFD1-4E1D-BECA-20130BC843A1}.Release|Any CPU.ActiveCfg = Release|Any CPU
		{560AA6C5-BFD1-4E1D-BECA-20130BC843A1}.Release|Any CPU.Build.0 = Release|Any CPU
		{2DEBDF17-8213-4AA2-ABAD-DBEB9D44707A}.Debug|Any CPU.ActiveCfg = Debug|Any CPU
		{2DEBDF17-8213-4AA2-ABAD-DBEB9D44707A}.Debug|Any CPU.Build.0 = Debug|Any CPU
		{2DEBDF17-8213-4AA2-ABAD-DBEB9D44707A}.Release|Any CPU.ActiveCfg = Release|Any CPU
		{2DEBDF17-8213-4AA2-ABAD-DBEB9D44707A}.Release|Any CPU.Build.0 = Release|Any CPU
		{2CA109EE-AA48-45D1-8A99-031C601EBEA6}.Debug|Any CPU.ActiveCfg = Debug|Any CPU
		{2CA109EE-AA48-45D1-8A99-031C601EBEA6}.Debug|Any CPU.Build.0 = Debug|Any CPU
		{2CA109EE-AA48-45D1-8A99-031C601EBEA6}.Release|Any CPU.ActiveCfg = Release|Any CPU
		{2CA109EE-AA48-45D1-8A99-031C601EBEA6}.Release|Any CPU.Build.0 = Release|Any CPU
		{B965B5DE-0255-4BA4-86C2-8061D00CD4B1}.Debug|Any CPU.ActiveCfg = Debug|Any CPU
		{B965B5DE-0255-4BA4-86C2-8061D00CD4B1}.Debug|Any CPU.Build.0 = Debug|Any CPU
		{B965B5DE-0255-4BA4-86C2-8061D00CD4B1}.Release|Any CPU.ActiveCfg = Release|Any CPU
		{B965B5DE-0255-4BA4-86C2-8061D00CD4B1}.Release|Any CPU.Build.0 = Release|Any CPU
	EndGlobalSection
	GlobalSection(SolutionProperties) = preSolution
		HideSolutionNode = FALSE
	EndGlobalSection
	GlobalSection(NestedProjects) = preSolution
		{2CA109EE-AA48-45D1-8A99-031C601EBEA6} = {238C4FA8-12F4-425A-8AA1-B110D1102C26}
		{B965B5DE-0255-4BA4-86C2-8061D00CD4B1} = {238C4FA8-12F4-425A-8AA1-B110D1102C26}
	EndGlobalSection
	GlobalSection(ExtensibilityGlobals) = postSolution
		SolutionGuid = {5EA88D2D-7307-456B-A3AB-5D96F230C514}
	EndGlobalSection
EndGlobal
